
Microsoft Visual Studio Solution File, Format Version 12.00
# Visual Studio Version 17
VisualStudioVersion = 17.7.34024.191
MinimumVisualStudioVersion = 10.0.40219.1
Project("{8BC9CEB8-8B4A-11D0-8D11-00A0C91BC942}") = "MergeSort", "MergeSort\MergeSort.vcxproj", "{AF1314E4-4800-41BC-AE9F-16D4EF695FE5}"
EndProject
Project("{8BC9CEB8-8B4A-11D0-8D11-00A0C91BC942}") = "DictionaryList", "DictionaryList\DictionaryList.vcxproj", "{D8FFAB08-23CE-4163-939C-EE24C2827934}"
EndProject
Project("{8BC9CEB8-8B4A-11D0-8D11-00A0C91BC942}") = "StackQueue", "StackQueue\StackQueue.vcxproj", "{3700A29E-B97A-4D40-A141-1D144586591A}"
EndProject
Project("{8BC9CEB8-8B4A-11D0-8D11-00A0C91BC942}") = "BinarySearchTree", "BinarySearchTree\BinarySearchTree.vcxproj", "{27F7D062-E476-42CC-BB12-4B0BFB1F8322}"
EndProject
Global
	GlobalSection(SolutionConfigurationPlatforms) = preSolution
		Debug|x64 = Debug|x64
		Debug|x86 = Debug|x86
		Release|x64 = Release|x64
		Release|x86 = Release|x86
	EndGlobalSection
	GlobalSection(ProjectConfigurationPlatforms) = postSolution
		{AF1314E4-4800-41BC-AE9F-16D4EF695FE5}.Debug|x64.ActiveCfg = Debug|x64
		{AF1314E4-4800-41BC-AE9F-16D4EF695FE5}.Debug|x64.Build.0 = Debug|x64
		{AF1314E4-4800-41BC-AE9F-16D4EF695FE5}.Debug|x86.ActiveCfg = Debug|Win32
		{AF1314E4-4800-41BC-AE9F-16D4EF695FE5}.Debug|x86.Build.0 = Debug|Win32
		{AF1314E4-4800-41BC-AE9F-16D4EF695FE5}.Release|x64.ActiveCfg = Release|x64
		{AF1314E4-4800-41BC-AE9F-16D4EF695FE5}.Release|x64.Build.0 = Release|x64
		{AF1314E4-4800-41BC-AE9F-16D4EF695FE5}.Release|x86.ActiveCfg = Release|Win32
		{AF1314E4-4800-41BC-AE9F-16D4EF695FE5}.Release|x86.Build.0 = Release|Win32
		{D8FFAB08-23CE-4163-939C-EE24C2827934}.Debug|x64.ActiveCfg = Debug|x64
		{D8FFAB08-23CE-4163-939C-EE24C2827934}.Debug|x64.Build.0 = Debug|x64
		{D8FFAB08-23CE-4163-939C-EE24C2827934}.Debug|x86.ActiveCfg = Debug|Win32
		{D8FFAB08-23CE-4163-939C-EE24C2827934}.Debug|x86.Build.0 = Debug|Win32
		{D8FFAB08-23CE-4163-939C-EE24C2827934}.Release|x64.ActiveCfg = Release|x64
		{D8FFAB08-23CE-4163-939C-EE24C2827934}.Release|x64.Build.0 = Release|x64
		{D8FFAB08-23CE-4163-939C-EE24C2827934}.Release|x86.ActiveCfg = Release|Win32
		{D8FFAB08-23CE-4163-939C-EE24C2827934}.Release|x86.Build.0 = Release|Win32
		{3700A29E-B97A-4D40-A141-1D144586591A}.Debug|x64.ActiveCfg = Debug|x64
		{3700A29E-B97A-4D40-A141-1D144586591A}.Debug|x64.Build.0 = Debug|x64
		{3700A29E-B97A-4D40-A141-1D144586591A}.Debug|x86.ActiveCfg = Debug|Win32
		{3700A29E-B97A-4D40-A141-1D144586591A}.Debug|x86.Build.0 = Debug|Win32
		{3700A29E-B97A-4D40-A141-1D144586591A}.Release|x64.ActiveCfg = Release|x64
		{3700A29E-B97A-4D40-A141-1D144586591A}.Release|x64.Build.0 = Release|x64
		{3700A29E-B97A-4D40-A141-1D144586591A}.Release|x86.ActiveCfg = Release|Win32
		{3700A29E-B97A-4D40-A141-1D144586591A}.Release|x86.Build.0 = Release|Win32
		{27F7D062-E476-42CC-BB12-4B0BFB1F8322}.Debug|x64.ActiveCfg = Debug|x64
		{27F7D062-E476-42CC-BB12-4B0BFB1F8322}.Debug|x64.Build.0 = Debug|x64
		{27F7D062-E476-42CC-BB12-4B0BFB1F8322}.Debug|x86.ActiveCfg = Debug|Win32
		{27F7D062-E476-42CC-BB12-4B0BFB1F8322}.Debug|x86.Build.0 = Debug|Win32
		{27F7D062-E476-42CC-BB12-4B0BFB1F8322}.Release|x64.ActiveCfg = Release|x64
		{27F7D062-E476-42CC-BB12-4B0BFB1F8322}.Release|x64.Build.0 = Release|x64
		{27F7D062-E476-42CC-BB12-4B0BFB1F8322}.Release|x86.ActiveCfg = Release|Win32
		{27F7D062-E476-42CC-BB12-4B0BFB1F8322}.Release|x86.Build.0 = Release|Win32
	EndGlobalSection
	GlobalSection(SolutionProperties) = preSolution
		HideSolutionNode = FALSE
	EndGlobalSection
	GlobalSection(ExtensibilityGlobals) = postSolution
		SolutionGuid = {2CDB7F8B-548E-4B01-B444-3C92CD7B481E}
	EndGlobalSection
EndGlobal
